
Microsoft Visual Studio Solution File, Format Version 12.00
# Visual Studio 14
VisualStudioVersion = 14.0.25123.0
MinimumVisualStudioVersion = 10.0.40219.1
Project("{8BC9CEB8-8B4A-11D0-8D11-00A0C91BC942}") = "HR_Utilities", "HR_Utilities\HR_Utilities.vcxproj", "{772196CF-591E-477F-89FF-2FC7771112B5}"
EndProject
Project("{8BC9CEB8-8B4A-11D0-8D11-00A0C91BC942}") = "HR_UtilitiesTest", "HR_UtilitiesTest\HR_UtilitiesTest.vcxproj", "{4B0DEBFC-00EE-4F6D-B7EE-33FB93863434}"
	ProjectSection(ProjectDependencies) = postProject
		{772196CF-591E-477F-89FF-2FC7771112B5} = {772196CF-591E-477F-89FF-2FC7771112B5}
	EndProjectSection
EndProject
Project("{8BC9CEB8-8B4A-11D0-8D11-00A0C91BC942}") = "HR_Core", "HR_Core\HR_Core.vcxproj", "{7E7E2598-FF6C-49A9-AA68-7AC5EBFC134E}"
	ProjectSection(ProjectDependencies) = postProject
		{A0D7102E-1326-4EA0-B622-1140DC8853FE} = {A0D7102E-1326-4EA0-B622-1140DC8853FE}
		{772196CF-591E-477F-89FF-2FC7771112B5} = {772196CF-591E-477F-89FF-2FC7771112B5}
	EndProjectSection
EndProject
Project("{8BC9CEB8-8B4A-11D0-8D11-00A0C91BC942}") = "HR_D3DGraphicsAPI", "HR_D3DGraphicsAPI\HR_D3DGraphicsAPI.vcxproj", "{A0D7102E-1326-4EA0-B622-1140DC8853FE}"
	ProjectSection(ProjectDependencies) = postProject
		{772196CF-591E-477F-89FF-2FC7771112B5} = {772196CF-591E-477F-89FF-2FC7771112B5}
	EndProjectSection
EndProject
Project("{8BC9CEB8-8B4A-11D0-8D11-00A0C91BC942}") = "HR_D3DGraphicsTest", "HR_D3DGraphicsTest\HR_D3DGraphicsTest.vcxproj", "{01F5E72F-654E-4A6A-BF6C-F26ABD597322}"
	ProjectSection(ProjectDependencies) = postProject
		{A0D7102E-1326-4EA0-B622-1140DC8853FE} = {A0D7102E-1326-4EA0-B622-1140DC8853FE}
		{772196CF-591E-477F-89FF-2FC7771112B5} = {772196CF-591E-477F-89FF-2FC7771112B5}
	EndProjectSection
EndProject
Project("{8BC9CEB8-8B4A-11D0-8D11-00A0C91BC942}") = "HR_Engine", "HR_Engine\HR_Engine.vcxproj", "{61C8AFED-EA63-4593-AD9B-3A28088047B9}"
	ProjectSection(ProjectDependencies) = postProject
		{A0D7102E-1326-4EA0-B622-1140DC8853FE} = {A0D7102E-1326-4EA0-B622-1140DC8853FE}
		{7E7E2598-FF6C-49A9-AA68-7AC5EBFC134E} = {7E7E2598-FF6C-49A9-AA68-7AC5EBFC134E}
		{772196CF-591E-477F-89FF-2FC7771112B5} = {772196CF-591E-477F-89FF-2FC7771112B5}
	EndProjectSection
EndProject
Project("{8BC9CEB8-8B4A-11D0-8D11-00A0C91BC942}") = "HR_CoreTest", "HR_CoreTest\HR_CoreTest.vcxproj", "{2FD60C91-D9F2-4314-A7F0-F3588D0CF0E6}"
	ProjectSection(ProjectDependencies) = postProject
		{A0D7102E-1326-4EA0-B622-1140DC8853FE} = {A0D7102E-1326-4EA0-B622-1140DC8853FE}
		{7E7E2598-FF6C-49A9-AA68-7AC5EBFC134E} = {7E7E2598-FF6C-49A9-AA68-7AC5EBFC134E}
		{772196CF-591E-477F-89FF-2FC7771112B5} = {772196CF-591E-477F-89FF-2FC7771112B5}
	EndProjectSection
EndProject
Project("{8BC9CEB8-8B4A-11D0-8D11-00A0C91BC942}") = "HR_EngineTest", "HR_EngineTest\HR_EngineTest.vcxproj", "{F1AD713A-274B-4F7F-A350-658E08B0C660}"
EndProject
Global
	GlobalSection(SolutionConfigurationPlatforms) = preSolution
		Debug|x64 = Debug|x64
		Debug|x86 = Debug|x86
		Release|x64 = Release|x64
		Release|x86 = Release|x86
	EndGlobalSection
	GlobalSection(ProjectConfigurationPlatforms) = postSolution
		{772196CF-591E-477F-89FF-2FC7771112B5}.Debug|x64.ActiveCfg = Debug|x64
		{772196CF-591E-477F-89FF-2FC7771112B5}.Debug|x64.Build.0 = Debug|x64
		{772196CF-591E-477F-89FF-2FC7771112B5}.Debug|x86.ActiveCfg = Debug|Win32
		{772196CF-591E-477F-89FF-2FC7771112B5}.Debug|x86.Build.0 = Debug|Win32
		{772196CF-591E-477F-89FF-2FC7771112B5}.Release|x64.ActiveCfg = Release|x64
		{772196CF-591E-477F-89FF-2FC7771112B5}.Release|x64.Build.0 = Release|x64
		{772196CF-591E-477F-89FF-2FC7771112B5}.Release|x86.ActiveCfg = Release|Win32
		{772196CF-591E-477F-89FF-2FC7771112B5}.Release|x86.Build.0 = Release|Win32
		{4B0DEBFC-00EE-4F6D-B7EE-33FB93863434}.Debug|x64.ActiveCfg = Debug|x64
		{4B0DEBFC-00EE-4F6D-B7EE-33FB93863434}.Debug|x64.Build.0 = Debug|x64
		{4B0DEBFC-00EE-4F6D-B7EE-33FB93863434}.Debug|x86.ActiveCfg = Debug|Win32
		{4B0DEBFC-00EE-4F6D-B7EE-33FB93863434}.Debug|x86.Build.0 = Debug|Win32
		{4B0DEBFC-00EE-4F6D-B7EE-33FB93863434}.Release|x64.ActiveCfg = Release|x64
		{4B0DEBFC-00EE-4F6D-B7EE-33FB93863434}.Release|x64.Build.0 = Release|x64
		{4B0DEBFC-00EE-4F6D-B7EE-33FB93863434}.Release|x86.ActiveCfg = Release|Win32
		{4B0DEBFC-00EE-4F6D-B7EE-33FB93863434}.Release|x86.Build.0 = Release|Win32
		{7E7E2598-FF6C-49A9-AA68-7AC5EBFC134E}.Debug|x64.ActiveCfg = Debug|x64
		{7E7E2598-FF6C-49A9-AA68-7AC5EBFC134E}.Debug|x64.Build.0 = Debug|x64
		{7E7E2598-FF6C-49A9-AA68-7AC5EBFC134E}.Debug|x86.ActiveCfg = Debug|Win32
		{7E7E2598-FF6C-49A9-AA68-7AC5EBFC134E}.Debug|x86.Build.0 = Debug|Win32
		{7E7E2598-FF6C-49A9-AA68-7AC5EBFC134E}.Release|x64.ActiveCfg = Release|x64
		{7E7E2598-FF6C-49A9-AA68-7AC5EBFC134E}.Release|x64.Build.0 = Release|x64
		{7E7E2598-FF6C-49A9-AA68-7AC5EBFC134E}.Release|x86.ActiveCfg = Release|Win32
		{7E7E2598-FF6C-49A9-AA68-7AC5EBFC134E}.Release|x86.Build.0 = Release|Win32
		{A0D7102E-1326-4EA0-B622-1140DC8853FE}.Debug|x64.ActiveCfg = Debug|x64
		{A0D7102E-1326-4EA0-B622-1140DC8853FE}.Debug|x64.Build.0 = Debug|x64
		{A0D7102E-1326-4EA0-B622-1140DC8853FE}.Debug|x86.ActiveCfg = Debug|Win32
		{A0D7102E-1326-4EA0-B622-1140DC8853FE}.Debug|x86.Build.0 = Debug|Win32
		{A0D7102E-1326-4EA0-B622-1140DC8853FE}.Release|x64.ActiveCfg = Release|x64
		{A0D7102E-1326-4EA0-B622-1140DC8853FE}.Release|x64.Build.0 = Release|x64
		{A0D7102E-1326-4EA0-B622-1140DC8853FE}.Release|x86.ActiveCfg = Release|Win32
		{A0D7102E-1326-4EA0-B622-1140DC8853FE}.Release|x86.Build.0 = Release|Win32
		{01F5E72F-654E-4A6A-BF6C-F26ABD597322}.Debug|x64.ActiveCfg = Debug|x64
		{01F5E72F-654E-4A6A-BF6C-F26ABD597322}.Debug|x64.Build.0 = Debug|x64
		{01F5E72F-654E-4A6A-BF6C-F26ABD597322}.Debug|x86.ActiveCfg = Debug|Win32
		{01F5E72F-654E-4A6A-BF6C-F26ABD597322}.Debug|x86.Build.0 = Debug|Win32
		{01F5E72F-654E-4A6A-BF6C-F26ABD597322}.Release|x64.ActiveCfg = Release|x64
		{01F5E72F-654E-4A6A-BF6C-F26ABD597322}.Release|x64.Build.0 = Release|x64
		{01F5E72F-654E-4A6A-BF6C-F26ABD597322}.Release|x86.ActiveCfg = Release|Win32
		{01F5E72F-654E-4A6A-BF6C-F26ABD597322}.Release|x86.Build.0 = Release|Win32
		{61C8AFED-EA63-4593-AD9B-3A28088047B9}.Debug|x64.ActiveCfg = Debug|x64
		{61C8AFED-EA63-4593-AD9B-3A28088047B9}.Debug|x64.Build.0 = Debug|x64
		{61C8AFED-EA63-4593-AD9B-3A28088047B9}.Debug|x86.ActiveCfg = Debug|Win32
		{61C8AFED-EA63-4593-AD9B-3A28088047B9}.Debug|x86.Build.0 = Debug|Win32
		{61C8AFED-EA63-4593-AD9B-3A28088047B9}.Release|x64.ActiveCfg = Release|x64
		{61C8AFED-EA63-4593-AD9B-3A28088047B9}.Release|x64.Build.0 = Release|x64
		{61C8AFED-EA63-4593-AD9B-3A28088047B9}.Release|x86.ActiveCfg = Release|Win32
		{61C8AFED-EA63-4593-AD9B-3A28088047B9}.Release|x86.Build.0 = Release|Win32
		{2FD60C91-D9F2-4314-A7F0-F3588D0CF0E6}.Debug|x64.ActiveCfg = Debug|x64
		{2FD60C91-D9F2-4314-A7F0-F3588D0CF0E6}.Debug|x64.Build.0 = Debug|x64
		{2FD60C91-D9F2-4314-A7F0-F3588D0CF0E6}.Debug|x86.ActiveCfg = Debug|Win32
		{2FD60C91-D9F2-4314-A7F0-F3588D0CF0E6}.Debug|x86.Build.0 = Debug|Win32
		{2FD60C91-D9F2-4314-A7F0-F3588D0CF0E6}.Release|x64.ActiveCfg = Release|x64
		{2FD60C91-D9F2-4314-A7F0-F3588D0CF0E6}.Release|x64.Build.0 = Release|x64
		{2FD60C91-D9F2-4314-A7F0-F3588D0CF0E6}.Release|x86.ActiveCfg = Release|Win32
		{2FD60C91-D9F2-4314-A7F0-F3588D0CF0E6}.Release|x86.Build.0 = Release|Win32
		{F1AD713A-274B-4F7F-A350-658E08B0C660}.Debug|x64.ActiveCfg = Debug|x64
		{F1AD713A-274B-4F7F-A350-658E08B0C660}.Debug|x64.Build.0 = Debug|x64
		{F1AD713A-274B-4F7F-A350-658E08B0C660}.Debug|x86.ActiveCfg = Debug|Win32
		{F1AD713A-274B-4F7F-A350-658E08B0C660}.Debug|x86.Build.0 = Debug|Win32
		{F1AD713A-274B-4F7F-A350-658E08B0C660}.Release|x64.ActiveCfg = Release|x64
		{F1AD713A-274B-4F7F-A350-658E08B0C660}.Release|x64.Build.0 = Release|x64
		{F1AD713A-274B-4F7F-A350-658E08B0C660}.Release|x86.ActiveCfg = Release|Win32
		{F1AD713A-274B-4F7F-A350-658E08B0C660}.Release|x86.Build.0 = Release|Win32
	EndGlobalSection
	GlobalSection(SolutionProperties) = preSolution
		HideSolutionNode = FALSE
	EndGlobalSection
	GlobalSection(ExtensibilityGlobals) = postSolution
		VisualSVNWorkingCopyRoot = .
	EndGlobalSection
EndGlobal
