<?xml version="1.0" encoding="utf-8"?>
<Project ToolsVersion="4.0" xmlns="http://schemas.microsoft.com/developer/msbuild/2003">
  <ItemGroup>
    <Filter Include="Source Files">
      <UniqueIdentifier>{4FC737F1-C7A5-4376-A066-2A32D752A2FF}</UniqueIdentifier>
      <Extensions>cpp;c;cc;cxx;def;odl;idl;hpj;bat;asm;asmx</Extensions>
    </Filter>
    <Filter Include="Header Files">
      <UniqueIdentifier>{93995380-89BD-4b04-88EB-625FBE52EBFB}</UniqueIdentifier>
      <Extensions>h;hh;hpp;hxx;hm;inl;inc;xsd</Extensions>
    </Filter>
    <Filter Include="Header Files\Memory Allocation">
      <UniqueIdentifier>{d63fabbd-7f32-49cb-8676-7272a143b843}</UniqueIdentifier>
    </Filter>
    <Filter Include="Header Files\Prerequisites">
      <UniqueIdentifier>{3af7d3b5-a0d7-44a2-bcb8-c6d853dc39dc}</UniqueIdentifier>
    </Filter>
    <Filter Include="Header Files\Debugging">
      <UniqueIdentifier>{f6030211-766a-4462-bf35-f85b73e76720}</UniqueIdentifier>
    </Filter>
    <Filter Include="Header Files\Math">
      <UniqueIdentifier>{0dbad873-d43b-4323-8d39-3d661942eb3f}</UniqueIdentifier>
    </Filter>
    <Filter Include="Header Files\String">
      <UniqueIdentifier>{09e5d197-4594-42d8-bdf1-5683bca44be6}</UniqueIdentifier>
    </Filter>
    <Filter Include="Header Files\Thread">
      <UniqueIdentifier>{c87b2a3c-c8ba-4bb4-8d1e-dcb8286dac70}</UniqueIdentifier>
    </Filter>
    <Filter Include="Source Files\Math">
      <UniqueIdentifier>{f0a09efd-31c8-4d92-a5e7-d923b02a6cb7}</UniqueIdentifier>
    </Filter>
    <Filter Include="Source Files\Debugging">
      <UniqueIdentifier>{470547a9-93ef-4bd6-a0a8-9343e4048b44}</UniqueIdentifier>
    </Filter>
    <Filter Include="Source Files\String">
      <UniqueIdentifier>{a89b2205-cb1b-4c91-afa8-900790cfadda}</UniqueIdentifier>
    </Filter>
    <Filter Include="Source Files\Thread">
      <UniqueIdentifier>{cedb9514-b34f-4e93-97fd-49597e372964}</UniqueIdentifier>
    </Filter>
    <Filter Include="Header Files\Exception">
      <UniqueIdentifier>{7f981352-e68a-4292-b8b2-277c109dabd0}</UniqueIdentifier>
    </Filter>
    <Filter Include="Header Files\Profiler">
      <UniqueIdentifier>{391805e9-1e3f-4e59-8799-687045cf5584}</UniqueIdentifier>
    </Filter>
    <Filter Include="Header Files\Data Stream">
      <UniqueIdentifier>{0222add5-3f3d-4b0d-8fc4-bb9dd15b328c}</UniqueIdentifier>
    </Filter>
    <Filter Include="Header Files\Color">
      <UniqueIdentifier>{6c7cd558-e3dd-40c7-bd64-43ca2b9e93d4}</UniqueIdentifier>
    </Filter>
    <Filter Include="Source Files\Exception">
      <UniqueIdentifier>{b482bf41-d209-46e8-9756-f5ddc2cbfb14}</UniqueIdentifier>
    </Filter>
    <Filter Include="Source Files\Data Stream">
      <UniqueIdentifier>{528e4d52-b2c2-449f-a3d9-dab83925a9dc}</UniqueIdentifier>
    </Filter>
    <Filter Include="Source Files\Time">
      <UniqueIdentifier>{baafaa1a-d147-40df-9913-4bf05a5509ac}</UniqueIdentifier>
    </Filter>
    <Filter Include="Source Files\Color">
      <UniqueIdentifier>{de2975f4-2883-4f05-8140-418b86b96824}</UniqueIdentifier>
    </Filter>
    <Filter Include="Source Files\Profiler">
      <UniqueIdentifier>{c9210015-09a6-4953-97f7-ed86d1d7f229}</UniqueIdentifier>
    </Filter>
    <Filter Include="Header Files\Timer">
      <UniqueIdentifier>{7da64710-2595-4d27-82ab-b1837ffd3a44}</UniqueIdentifier>
    </Filter>
    <Filter Include="Header Files\Time">
      <UniqueIdentifier>{6c6b9400-9b17-42db-b90b-4c66d60caa21}</UniqueIdentifier>
    </Filter>
    <Filter Include="Source Files\Timer">
      <UniqueIdentifier>{402aa006-f92e-4616-b7ca-359021c92201}</UniqueIdentifier>
    </Filter>
    <Filter Include="Source Files\Memory Allocation">
      <UniqueIdentifier>{ab64eb51-0ceb-4685-8956-b071d34ee66d}</UniqueIdentifier>
    </Filter>
    <Filter Include="Header Files\File">
      <UniqueIdentifier>{0f17a759-75e5-4f93-8e99-1f5977ac8eb5}</UniqueIdentifier>
    </Filter>
    <Filter Include="Source Files\File">
      <UniqueIdentifier>{de762aaf-6162-4fc3-b663-26efb8ae00a6}</UniqueIdentifier>
    </Filter>
  </ItemGroup>
  <ItemGroup>
    <ClInclude Include="include\HRUtility_Color.h">
      <Filter>Header Files\Color</Filter>
    </ClInclude>
    <ClInclude Include="include\HRUtility_Datastream.h">
      <Filter>Header Files\Data Stream</Filter>
    </ClInclude>
    <ClInclude Include="include\HRUtility_Logger.h">
      <Filter>Header Files\Debugging</Filter>
    </ClInclude>
    <ClInclude Include="include\HRUtility_Directory.h">
      <Filter>Header Files\File</Filter>
    </ClInclude>
    <ClInclude Include="include\HRUtility_AABB.h">
      <Filter>Header Files\Math</Filter>
    </ClInclude>
    <ClInclude Include="include\HRUtility_Box.h">
      <Filter>Header Files\Math</Filter>
    </ClInclude>
    <ClInclude Include="include\HRUtility_Degree.h">
      <Filter>Header Files\Math</Filter>
    </ClInclude>
    <ClInclude Include="include\HRUtility_Frustrum.h">
      <Filter>Header Files\Math</Filter>
    </ClInclude>
    <ClInclude Include="include\HRUtility_Math.h">
      <Filter>Header Files\Math</Filter>
    </ClInclude>
    <ClInclude Include="include\HRUtility_Matrix3.h">
      <Filter>Header Files\Math</Filter>
    </ClInclude>
    <ClInclude Include="include\HRUtility_Matrix4.h">
      <Filter>Header Files\Math</Filter>
    </ClInclude>
    <ClInclude Include="include\HRUtility_Plane.h">
      <Filter>Header Files\Math</Filter>
    </ClInclude>
    <ClInclude Include="include\HRUtility_PlatformMath.h">
      <Filter>Header Files\Math</Filter>
    </ClInclude>
    <ClInclude Include="include\HRUtility_Quaternion.h">
      <Filter>Header Files\Math</Filter>
    </ClInclude>
    <ClInclude Include="include\HRUtility_Radian.h">
      <Filter>Header Files\Math</Filter>
    </ClInclude>
    <ClInclude Include="include\HRUtility_Ray.h">
      <Filter>Header Files\Math</Filter>
    </ClInclude>
    <ClInclude Include="include\HRUtility_Sphere.h">
      <Filter>Header Files\Math</Filter>
    </ClInclude>
    <ClInclude Include="include\HRUtility_Vector2D.h">
      <Filter>Header Files\Math</Filter>
    </ClInclude>
    <ClInclude Include="include\HRUtility_Vector2Di.h">
      <Filter>Header Files\Math</Filter>
    </ClInclude>
    <ClInclude Include="include\HRUtility_Vector3D.h">
      <Filter>Header Files\Math</Filter>
    </ClInclude>
    <ClInclude Include="include\HRUtility_Vector4D.h">
      <Filter>Header Files\Math</Filter>
    </ClInclude>
    <ClInclude Include="include\HRUtility_MemoryAllocators.h">
      <Filter>Header Files\Memory Allocation</Filter>
    </ClInclude>
    <ClInclude Include="include\HRUtility_FwdDecl.h">
      <Filter>Header Files\Prerequisites</Filter>
    </ClInclude>
    <ClInclude Include="include\HRUtility_MacroUtil.h">
      <Filter>Header Files\Prerequisites</Filter>
    </ClInclude>
    <ClInclude Include="include\HRUtility_PlatformDefines.h">
      <Filter>Header Files\Prerequisites</Filter>
    </ClInclude>
    <ClInclude Include="include\HRUtility_PlatformTypes.h">
      <Filter>Header Files\Prerequisites</Filter>
    </ClInclude>
    <ClInclude Include="include\HRUtility_Prerequisites.h">
      <Filter>Header Files\Prerequisites</Filter>
    </ClInclude>
    <ClInclude Include="include\HRUtility_STDHeaders.h">
      <Filter>Header Files\Prerequisites</Filter>
    </ClInclude>
    <ClInclude Include="include\HRUtility_String.h">
      <Filter>Header Files\String</Filter>
    </ClInclude>
    <ClInclude Include="include\HRUtility_StringUtil.h">
      <Filter>Header Files\String</Filter>
    </ClInclude>
    <ClInclude Include="include\HRUtility_Time.h">
      <Filter>Header Files\Time</Filter>
    </ClInclude>
    <ClInclude Include="include\HRUtility_Timer.h">
      <Filter>Header Files\Timer</Filter>
    </ClInclude>
    <ClInclude Include="include\HRUtility_Line.h">
      <Filter>Header Files\Math</Filter>
    </ClInclude>
  </ItemGroup>
  <ItemGroup>
    <ClCompile Include="src\HR_Utility_Directory.cpp">
      <Filter>Source Files\File</Filter>
    </ClCompile>
    <ClCompile Include="src\HRUtility_Quaternion.cpp">
      <Filter>Source Files\Math</Filter>
    </ClCompile>
    <ClCompile Include="src\HRUtility_Color.cpp">
      <Filter>Source Files\Color</Filter>
    </ClCompile>
    <ClCompile Include="src\HRUtility_Datastream.cpp">
      <Filter>Source Files\Data Stream</Filter>
    </ClCompile>
    <ClCompile Include="src\HRUtility_Logger.cpp">
      <Filter>Source Files\Debugging</Filter>
    </ClCompile>
    <ClCompile Include="src\HRUtility_Frustrum.cpp">
      <Filter>Source Files\Math</Filter>
    </ClCompile>
    <ClCompile Include="src\HRUtility_Matrix3.cpp">
      <Filter>Source Files\Math</Filter>
    </ClCompile>
    <ClCompile Include="src\HRUtility_Matrix4.cpp">
      <Filter>Source Files\Math</Filter>
    </ClCompile>
    <ClCompile Include="src\HRUtility_PlatformMath.cpp">
      <Filter>Source Files\Math</Filter>
    </ClCompile>
    <ClCompile Include="src\HRUtility_Vector2D.cpp">
      <Filter>Source Files\Math</Filter>
    </ClCompile>
    <ClCompile Include="src\HRUtility_Vector2Di.cpp">
      <Filter>Source Files\Math</Filter>
    </ClCompile>
    <ClCompile Include="src\HRUtility_Vector3D.cpp">
      <Filter>Source Files\Math</Filter>
    </ClCompile>
    <ClCompile Include="src\HRUtility_Vector4D.cpp">
      <Filter>Source Files\Math</Filter>
    </ClCompile>
    <ClCompile Include="src\HRUtility_MemoryAllocators.cpp">
      <Filter>Source Files\Memory Allocation</Filter>
    </ClCompile>
    <ClCompile Include="src\HRUtility_WinTimer.cpp">
      <Filter>Source Files\Timer</Filter>
    </ClCompile>
    <ClCompile Include="src\HRUtility_Plane.cpp">
      <Filter>Source Files\Math</Filter>
    </ClCompile>
    <ClCompile Include="src\HRUtility_Sphere.cpp">
      <Filter>Source Files\Math</Filter>
    </ClCompile>
    <ClCompile Include="src\HRUtility_Degree.cpp">
      <Filter>Source Files\Math</Filter>
    </ClCompile>
    <ClCompile Include="src\HRUtility_Radian.cpp">
      <Filter>Source Files\Math</Filter>
    </ClCompile>
    <ClCompile Include="src\HRUtility_AABB.cpp">
      <Filter>Source Files\Math</Filter>
    </ClCompile>
    <ClCompile Include="src\HRUtility_Box.cpp">
      <Filter>Source Files\Math</Filter>
    </ClCompile>
    <ClCompile Include="src\HRUtility_Ray.cpp">
      <Filter>Source Files\Math</Filter>
    </ClCompile>
    <ClCompile Include="src\HRUtility_Line.cpp">
      <Filter>Source Files\Math</Filter>
    </ClCompile>
    <ClCompile Include="src\HRUtility_Time.cpp">
      <Filter>Source Files\Time</Filter>
    </ClCompile>
  </ItemGroup>
</Project>