<?xml version="1.0" encoding="utf-8"?>
<Project ToolsVersion="4.0" xmlns="http://schemas.microsoft.com/developer/msbuild/2003">
  <ItemGroup>
    <Filter Include="Source Files">
      <UniqueIdentifier>{4FC737F1-C7A5-4376-A066-2A32D752A2FF}</UniqueIdentifier>
      <Extensions>cpp;c;cc;cxx;def;odl;idl;hpj;bat;asm;asmx</Extensions>
    </Filter>
    <Filter Include="Header Files">
      <UniqueIdentifier>{93995380-89BD-4b04-88EB-625FBE52EBFB}</UniqueIdentifier>
      <Extensions>h;hh;hpp;hxx;hm;inl;inc;xsd</Extensions>
    </Filter>
    <Filter Include="Header Files\Prerequisites">
      <UniqueIdentifier>{68cacd91-e5f2-47d6-b90d-c1f0f899341b}</UniqueIdentifier>
    </Filter>
    <Filter Include="Header Files\Camera">
      <UniqueIdentifier>{ae7c7c06-276e-47ce-bca3-e7ffbc449a02}</UniqueIdentifier>
    </Filter>
    <Filter Include="Header Files\Animation">
      <UniqueIdentifier>{0b092804-2547-4bd9-bed7-903f7512e3c1}</UniqueIdentifier>
    </Filter>
    <Filter Include="Header Files\Space Partition">
      <UniqueIdentifier>{93bbfe15-02de-4f84-b267-7099b58289a1}</UniqueIdentifier>
    </Filter>
    <Filter Include="Source Files\Animation">
      <UniqueIdentifier>{a9eefa00-a245-49cd-8080-63b70ccaf788}</UniqueIdentifier>
    </Filter>
    <Filter Include="Source Files\Camera">
      <UniqueIdentifier>{ad3e3801-3ef8-4ec1-995b-97b96079ace9}</UniqueIdentifier>
    </Filter>
    <Filter Include="Source Files\Space Partition">
      <UniqueIdentifier>{ae985b14-8ddd-4b23-a61f-8775f568925e}</UniqueIdentifier>
    </Filter>
    <Filter Include="Source Files\Scene">
      <UniqueIdentifier>{841b8008-2c3c-4f83-840d-e337df408187}</UniqueIdentifier>
    </Filter>
    <Filter Include="Header Files\Resource">
      <UniqueIdentifier>{54a01f0f-ab63-4692-9ab2-b7299e4dcdd5}</UniqueIdentifier>
    </Filter>
    <Filter Include="Source Files\Resource">
      <UniqueIdentifier>{9d57a2b8-5a40-46fe-b000-8507e46b0528}</UniqueIdentifier>
    </Filter>
    <Filter Include="Header Files\Scene">
      <UniqueIdentifier>{127f3939-c435-4152-a4bd-295778a09ef5}</UniqueIdentifier>
    </Filter>
  </ItemGroup>
  <ItemGroup>
    <ClInclude Include="include\HREngine_Prerequisites.h">
      <Filter>Header Files\Prerequisites</Filter>
    </ClInclude>
    <ClInclude Include="include\HREngine_Defines.h">
      <Filter>Header Files\Prerequisites</Filter>
    </ClInclude>
    <ClInclude Include="include\HREngine_CameraManager.h">
      <Filter>Header Files\Camera</Filter>
    </ClInclude>
    <ClInclude Include="include\HREngine_Octree.h">
      <Filter>Header Files\Space Partition</Filter>
    </ClInclude>
    <ClInclude Include="include\HREngine_Node.h">
      <Filter>Header Files\Space Partition</Filter>
    </ClInclude>
    <ClInclude Include="include\HREngine_CompCamera.h">
      <Filter>Header Files\Camera</Filter>
    </ClInclude>
    <ClInclude Include="include\HREngine_Joint.h">
      <Filter>Header Files\Animation</Filter>
    </ClInclude>
    <ClInclude Include="include\HREngine_Key.h">
      <Filter>Header Files\Animation</Filter>
    </ClInclude>
    <ClInclude Include="include\HREngine_Face.h">
      <Filter>Header Files</Filter>
    </ClInclude>
    <ClInclude Include="include\HREngine_Resource.h">
      <Filter>Header Files\Resource</Filter>
    </ClInclude>
    <ClInclude Include="include\HREngine_Material.h">
      <Filter>Header Files\Resource</Filter>
    </ClInclude>
    <ClInclude Include="include\HREngine_Mesh.h">
      <Filter>Header Files\Resource</Filter>
    </ClInclude>
    <ClInclude Include="include\HREngine_Model.h">
      <Filter>Header Files\Resource</Filter>
    </ClInclude>
    <ClInclude Include="include\HREngine_Skeleton.h">
      <Filter>Header Files\Resource</Filter>
    </ClInclude>
    <ClInclude Include="include\HREngine_TextureResource.h">
      <Filter>Header Files\Resource</Filter>
    </ClInclude>
  </ItemGroup>
  <ItemGroup>
    <ClCompile Include="src\HREngine_Key.cpp">
      <Filter>Source Files\Animation</Filter>
    </ClCompile>
    <ClCompile Include="src\HREngine_Material.cpp">
      <Filter>Source Files\Resource</Filter>
    </ClCompile>
    <ClCompile Include="src\HREngine_Mesh.cpp">
      <Filter>Source Files\Resource</Filter>
    </ClCompile>
    <ClCompile Include="src\HREngine_Model.cpp">
      <Filter>Source Files\Resource</Filter>
    </ClCompile>
    <ClCompile Include="src\HREngine_TextureResource.cpp">
      <Filter>Source Files\Resource</Filter>
    </ClCompile>
    <ClCompile Include="src\HREngine_Skeleton.cpp">
      <Filter>Source Files\Resource</Filter>
    </ClCompile>
    <ClCompile Include="src\HREngine_Joint.cpp">
      <Filter>Source Files\Animation</Filter>
    </ClCompile>
  </ItemGroup>
</Project>